
Microsoft Visual Studio Solution File, Format Version 12.00
# Visual Studio Version 16
VisualStudioVersion = 16.0.31605.320
MinimumVisualStudioVersion = 10.0.40219.1
Project("{9A19103F-16F7-4668-BE54-9A1E7A4F7556}") = "PizzaShopLogic", "Pizza-Shop\PizzaShopLogic.csproj", "{4DE75638-27B3-4240-BCFB-D8C9AB6510EE}"
EndProject
Project("{9A19103F-16F7-4668-BE54-9A1E7A4F7556}") = "PizzaShopUI", "PizzaShop\PizzaShopUI.csproj", "{55FE10BB-FC66-4E32-9469-A1F3088CEFD4}"
	ProjectSection(ProjectDependencies) = postProject
		{4DE75638-27B3-4240-BCFB-D8C9AB6510EE} = {4DE75638-27B3-4240-BCFB-D8C9AB6510EE}
	EndProjectSection
EndProject
Global
	GlobalSection(SolutionConfigurationPlatforms) = preSolution
		Debug|Any CPU = Debug|Any CPU
		Release|Any CPU = Release|Any CPU
	EndGlobalSection
	GlobalSection(ProjectConfigurationPlatforms) = postSolution
		{4DE75638-27B3-4240-BCFB-D8C9AB6510EE}.Debug|Any CPU.ActiveCfg = Debug|Any CPU
		{4DE75638-27B3-4240-BCFB-D8C9AB6510EE}.Debug|Any CPU.Build.0 = Debug|Any CPU
		{4DE75638-27B3-4240-BCFB-D8C9AB6510EE}.Release|Any CPU.ActiveCfg = Release|Any CPU
		{4DE75638-27B3-4240-BCFB-D8C9AB6510EE}.Release|Any CPU.Build.0 = Release|Any CPU
		{55FE10BB-FC66-4E32-9469-A1F3088CEFD4}.Debug|Any CPU.ActiveCfg = Debug|Any CPU
		{55FE10BB-FC66-4E32-9469-A1F3088CEFD4}.Debug|Any CPU.Build.0 = Debug|Any CPU
		{55FE10BB-FC66-4E32-9469-A1F3088CEFD4}.Release|Any CPU.ActiveCfg = Release|Any CPU
		{55FE10BB-FC66-4E32-9469-A1F3088CEFD4}.Release|Any CPU.Build.0 = Release|Any CPU
	EndGlobalSection
	GlobalSection(SolutionProperties) = preSolution
		HideSolutionNode = FALSE
	EndGlobalSection
	GlobalSection(ExtensibilityGlobals) = postSolution
		SolutionGuid = {504DF04C-DC35-4766-A44C-68CCBF2B1618}
	EndGlobalSection
EndGlobal
